<?xml version="1.0" encoding="utf-8"?>
<Project ToolsVersion="4.0" xmlns="http://schemas.microsoft.com/developer/msbuild/2003">
  <ItemGroup>
    <ClCompile Include="test.cpp" />
    <ClCompile Include="pch.cpp" />
    <ClCompile Include="LineSphereIntersectionTest.cpp">
      <Filter>ShapeTests</Filter>
    </ClCompile>
    <ClCompile Include="LineTest.cpp">
      <Filter>ShapeTests</Filter>
    </ClCompile>
    <ClCompile Include="SphereTest.cpp">
      <Filter>ShapeTests</Filter>
    </ClCompile>
    <ClCompile Include="PlaneTests.cpp">
      <Filter>ShapeTests</Filter>
    </ClCompile>
    <ClCompile Include="SpherePlaneCollisionTest.cpp">
      <Filter>ShapeTests</Filter>
    </ClCompile>
    <ClCompile Include="ThreadPoolTest.cpp">
      <Filter>ThreadTests</Filter>
    </ClCompile>
    <ClCompile Include="ThreadTest.cpp">
      <Filter>ThreadTests</Filter>
    </ClCompile>
    <ClCompile Include="LineSphereSegmentTest.cpp">
      <Filter>ShapeTests</Filter>
    </ClCompile>
    <ClCompile Include="CylinderTest.cpp">
      <Filter>ShapeTests</Filter>
    </ClCompile>
    <ClCompile Include="SphereIntersectionCylinderTest.cpp">
      <Filter>ShapeTests</Filter>
    </ClCompile>
    <ClCompile Include="CapsuleTest.cpp">
      <Filter>ShapeTests</Filter>
    </ClCompile>
    <ClCompile Include="CollidingSphereTest.cpp">
      <Filter>ShapeTests\isCollidingTests</Filter>
    </ClCompile>
    <ClCompile Include="CollidingLineTest.cpp">
      <Filter>ShapeTests\isCollidingTests</Filter>
    </ClCompile>
    <ClCompile Include="CollidingCylinderTest.cpp">
      <Filter>ShapeTests\isCollidingTests</Filter>
    </ClCompile>
    <ClCompile Include="CollidingPlaneTest.cpp">
      <Filter>ShapeTests\isCollidingTests</Filter>
    </ClCompile>
    <ClCompile Include="CollidingCapsuleTest.cpp">
      <Filter>ShapeTests\isCollidingTests</Filter>
    </ClCompile>
    <ClCompile Include="IntegrationTest.cpp">
      <Filter>Maths</Filter>
    </ClCompile>
    <ClCompile Include="ConservationOfMomentumTests.cpp">
      <Filter>Maths</Filter>
    </ClCompile>
    <ClCompile Include="CollisionImpulseTests.cpp" />
    <ClCompile Include="RotationTest.cpp">
      <Filter>Maths</Filter>
    </ClCompile>
    <ClCompile Include="AngularVelocityTest.cpp">
      <Filter>Maths</Filter>
    </ClCompile>
  </ItemGroup>
  <ItemGroup>
    <ClInclude Include="pch.h" />
  </ItemGroup>
  <ItemGroup>
    <Filter Include="ShapeTests">
      <UniqueIdentifier>{a748e660-269f-43de-bd3b-9f8885845451}</UniqueIdentifier>
    </Filter>
    <Filter Include="ThreadTests">
      <UniqueIdentifier>{87e6a764-c6c8-4230-93c8-b21174d5d20f}</UniqueIdentifier>
    </Filter>
    <Filter Include="ShapeTests\isCollidingTests">
      <UniqueIdentifier>{d11a1606-049b-4cbd-8209-11246a5893f5}</UniqueIdentifier>
    </Filter>
    <Filter Include="Maths">
      <UniqueIdentifier>{caca9f19-981a-49cf-87e7-09ac31adf1d1}</UniqueIdentifier>
    </Filter>
  </ItemGroup>
  <ItemGroup>
    <None Include="packages.config" />
  </ItemGroup>
</Project>